// !$*UTF8*$!
{
	archiveVersion = 1;
	classes = {
	};
	objectVersion = 46;
	objects = {

/* Begin PBXBuildFile section */
		12F0D81D19410F5D007509F4 /* Foundation.framework in Frameworks */ = {isa = PBXBuildFile; fileRef = 12F0D81C19410F5D007509F4 /* Foundation.framework */; };
		12F0D81F19410F5D007509F4 /* CoreGraphics.framework in Frameworks */ = {isa = PBXBuildFile; fileRef = 12F0D81E19410F5D007509F4 /* CoreGraphics.framework */; };
		12F0D82119410F5D007509F4 /* UIKit.framework in Frameworks */ = {isa = PBXBuildFile; fileRef = 12F0D82019410F5D007509F4 /* UIKit.framework */; };
		12F0D82719410F5D007509F4 /* InfoPlist.strings in Resources */ = {isa = PBXBuildFile; fileRef = 12F0D82519410F5D007509F4 /* InfoPlist.strings */; };
		12F0D82919410F5D007509F4 /* main.m in Sources */ = {isa = PBXBuildFile; fileRef = 12F0D82819410F5D007509F4 /* main.m */; };
		12F0D82D19410F5D007509F4 /* HFPAppDelegate.m in Sources */ = {isa = PBXBuildFile; fileRef = 12F0D82C19410F5D007509F4 /* HFPAppDelegate.m */; };
		12F0D83019410F5D007509F4 /* Main_iPhone.storyboard in Resources */ = {isa = PBXBuildFile; fileRef = 12F0D82E19410F5D007509F4 /* Main_iPhone.storyboard */; };
		12F0D83319410F5D007509F4 /* Main_iPad.storyboard in Resources */ = {isa = PBXBuildFile; fileRef = 12F0D83119410F5D007509F4 /* Main_iPad.storyboard */; };
		12F0D83619410F5D007509F4 /* HFPViewController.m in Sources */ = {isa = PBXBuildFile; fileRef = 12F0D83519410F5D007509F4 /* HFPViewController.m */; };
		12F0D83819410F5D007509F4 /* Images.xcassets in Resources */ = {isa = PBXBuildFile; fileRef = 12F0D83719410F5D007509F4 /* Images.xcassets */; };
		12F0D83F19410F5D007509F4 /* XCTest.framework in Frameworks */ = {isa = PBXBuildFile; fileRef = 12F0D83E19410F5D007509F4 /* XCTest.framework */; };
		12F0D84019410F5D007509F4 /* Foundation.framework in Frameworks */ = {isa = PBXBuildFile; fileRef = 12F0D81C19410F5D007509F4 /* Foundation.framework */; };
		12F0D84119410F5D007509F4 /* UIKit.framework in Frameworks */ = {isa = PBXBuildFile; fileRef = 12F0D82019410F5D007509F4 /* UIKit.framework */; };
		12F0D84919410F5D007509F4 /* InfoPlist.strings in Resources */ = {isa = PBXBuildFile; fileRef = 12F0D84719410F5D007509F4 /* InfoPlist.strings */; };
		12F0D84B19410F5D007509F4 /* Hands_Free_PlayerTests.m in Sources */ = {isa = PBXBuildFile; fileRef = 12F0D84A19410F5D007509F4 /* Hands_Free_PlayerTests.m */; };
/* End PBXBuildFile section */

/* Begin PBXContainerItemProxy section */
		12F0D84219410F5D007509F4 /* PBXContainerItemProxy */ = {
			isa = PBXContainerItemProxy;
			containerPortal = 12F0D81119410F5D007509F4 /* Project object */;
			proxyType = 1;
			remoteGlobalIDString = 12F0D81819410F5D007509F4;
			remoteInfo = "Hands Free Player";
		};
/* End PBXContainerItemProxy section */

/* Begin PBXFileReference section */
		12F0D81919410F5D007509F4 /* Hands Free Player.app */ = {isa = PBXFileReference; explicitFileType = wrapper.application; includeInIndex = 0; path = "Hands Free Player.app"; sourceTree = BUILT_PRODUCTS_DIR; };
		12F0D81C19410F5D007509F4 /* Foundation.framework */ = {isa = PBXFileReference; lastKnownFileType = wrapper.framework; name = Foundation.framework; path = System/Library/Frameworks/Foundation.framework; sourceTree = SDKROOT; };
		12F0D81E19410F5D007509F4 /* CoreGraphics.framework */ = {isa = PBXFileReference; lastKnownFileType = wrapper.framework; name = CoreGraphics.framework; path = System/Library/Frameworks/CoreGraphics.framework; sourceTree = SDKROOT; };
		12F0D82019410F5D007509F4 /* UIKit.framework */ = {isa = PBXFileReference; lastKnownFileType = wrapper.framework; name = UIKit.framework; path = System/Library/Frameworks/UIKit.framework; sourceTree = SDKROOT; };
		12F0D82419410F5D007509F4 /* Hands Free Player-Info.plist */ = {isa = PBXFileReference; lastKnownFileType = text.plist.xml; path = "Hands Free Player-Info.plist"; sourceTree = "<group>"; };
		12F0D82619410F5D007509F4 /* en */ = {isa = PBXFileReference; lastKnownFileType = text.plist.strings; name = en; path = en.lproj/InfoPlist.strings; sourceTree = "<group>"; };
		12F0D82819410F5D007509F4 /* main.m */ = {isa = PBXFileReference; lastKnownFileType = sourcecode.c.objc; path = main.m; sourceTree = "<group>"; };
		12F0D82A19410F5D007509F4 /* Hands Free Player-Prefix.pch */ = {isa = PBXFileReference; lastKnownFileType = sourcecode.c.h; path = "Hands Free Player-Prefix.pch"; sourceTree = "<group>"; };
		12F0D82B19410F5D007509F4 /* HFPAppDelegate.h */ = {isa = PBXFileReference; lastKnownFileType = sourcecode.c.h; path = HFPAppDelegate.h; sourceTree = "<group>"; };
		12F0D82C19410F5D007509F4 /* HFPAppDelegate.m */ = {isa = PBXFileReference; lastKnownFileType = sourcecode.c.objc; path = HFPAppDelegate.m; sourceTree = "<group>"; };
		12F0D82F19410F5D007509F4 /* Base */ = {isa = PBXFileReference; lastKnownFileType = file.storyboard; name = Base; path = Base.lproj/Main_iPhone.storyboard; sourceTree = "<group>"; };
		12F0D83219410F5D007509F4 /* Base */ = {isa = PBXFileReference; lastKnownFileType = file.storyboard; name = Base; path = Base.lproj/Main_iPad.storyboard; sourceTree = "<group>"; };
		12F0D83419410F5D007509F4 /* HFPViewController.h */ = {isa = PBXFileReference; lastKnownFileType = sourcecode.c.h; path = HFPViewController.h; sourceTree = "<group>"; };
		12F0D83519410F5D007509F4 /* HFPViewController.m */ = {isa = PBXFileReference; lastKnownFileType = sourcecode.c.objc; path = HFPViewController.m; sourceTree = "<group>"; };
		12F0D83719410F5D007509F4 /* Images.xcassets */ = {isa = PBXFileReference; lastKnownFileType = folder.assetcatalog; path = Images.xcassets; sourceTree = "<group>"; };
		12F0D83D19410F5D007509F4 /* Hands Free PlayerTests.xctest */ = {isa = PBXFileReference; explicitFileType = wrapper.cfbundle; includeInIndex = 0; path = "Hands Free PlayerTests.xctest"; sourceTree = BUILT_PRODUCTS_DIR; };
		12F0D83E19410F5D007509F4 /* XCTest.framework */ = {isa = PBXFileReference; lastKnownFileType = wrapper.framework; name = XCTest.framework; path = Library/Frameworks/XCTest.framework; sourceTree = DEVELOPER_DIR; };
		12F0D84619410F5D007509F4 /* Hands Free PlayerTests-Info.plist */ = {isa = PBXFileReference; lastKnownFileType = text.plist.xml; path = "Hands Free PlayerTests-Info.plist"; sourceTree = "<group>"; };
		12F0D84819410F5D007509F4 /* en */ = {isa = PBXFileReference; lastKnownFileType = text.plist.strings; name = en; path = en.lproj/InfoPlist.strings; sourceTree = "<group>"; };
		12F0D84A19410F5D007509F4 /* Hands_Free_PlayerTests.m */ = {isa = PBXFileReference; lastKnownFileType = sourcecode.c.objc; path = Hands_Free_PlayerTests.m; sourceTree = "<group>"; };
/* End PBXFileReference section */

/* Begin PBXFrameworksBuildPhase section */
		12F0D81619410F5D007509F4 /* Frameworks */ = {
			isa = PBXFrameworksBuildPhase;
			buildActionMask = 2147483647;
			files = (
				12F0D81F19410F5D007509F4 /* CoreGraphics.framework in Frameworks */,
				12F0D82119410F5D007509F4 /* UIKit.framework in Frameworks */,
				12F0D81D19410F5D007509F4 /* Foundation.framework in Frameworks */,
			);
			runOnlyForDeploymentPostprocessing = 0;
		};
		12F0D83A19410F5D007509F4 /* Frameworks */ = {
			isa = PBXFrameworksBuildPhase;
			buildActionMask = 2147483647;
			files = (
				12F0D83F19410F5D007509F4 /* XCTest.framework in Frameworks */,
				12F0D84119410F5D007509F4 /* UIKit.framework in Frameworks */,
				12F0D84019410F5D007509F4 /* Foundation.framework in Frameworks */,
			);
			runOnlyForDeploymentPostprocessing = 0;
		};
/* End PBXFrameworksBuildPhase section */

/* Begin PBXGroup section */
		12F0D81019410F5D007509F4 = {
			isa = PBXGroup;
			children = (
				12F0D82219410F5D007509F4 /* Hands Free Player */,
				12F0D84419410F5D007509F4 /* Hands Free PlayerTests */,
				12F0D81B19410F5D007509F4 /* Frameworks */,
				12F0D81A19410F5D007509F4 /* Products */,
			);
			sourceTree = "<group>";
		};
		12F0D81A19410F5D007509F4 /* Products */ = {
			isa = PBXGroup;
			children = (
				12F0D81919410F5D007509F4 /* Hands Free Player.app */,
				12F0D83D19410F5D007509F4 /* Hands Free PlayerTests.xctest */,
			);
			name = Products;
			sourceTree = "<group>";
		};
		12F0D81B19410F5D007509F4 /* Frameworks */ = {
			isa = PBXGroup;
			children = (
				12F0D81C19410F5D007509F4 /* Foundation.framework */,
				12F0D81E19410F5D007509F4 /* CoreGraphics.framework */,
				12F0D82019410F5D007509F4 /* UIKit.framework */,
				12F0D83E19410F5D007509F4 /* XCTest.framework */,
			);
			name = Frameworks;
			sourceTree = "<group>";
		};
		12F0D82219410F5D007509F4 /* Hands Free Player */ = {
			isa = PBXGroup;
			children = (
				12F0D82B19410F5D007509F4 /* HFPAppDelegate.h */,
				12F0D82C19410F5D007509F4 /* HFPAppDelegate.m */,
				12F0D82E19410F5D007509F4 /* Main_iPhone.storyboard */,
				12F0D83119410F5D007509F4 /* Main_iPad.storyboard */,
				12F0D83419410F5D007509F4 /* HFPViewController.h */,
				12F0D83519410F5D007509F4 /* HFPViewController.m */,
				12F0D83719410F5D007509F4 /* Images.xcassets */,
				12F0D82319410F5D007509F4 /* Supporting Files */,
			);
			path = "Hands Free Player";
			sourceTree = "<group>";
		};
		12F0D82319410F5D007509F4 /* Supporting Files */ = {
			isa = PBXGroup;
			children = (
				12F0D82419410F5D007509F4 /* Hands Free Player-Info.plist */,
				12F0D82519410F5D007509F4 /* InfoPlist.strings */,
				12F0D82819410F5D007509F4 /* main.m */,
				12F0D82A19410F5D007509F4 /* Hands Free Player-Prefix.pch */,
			);
			name = "Supporting Files";
			sourceTree = "<group>";
		};
		12F0D84419410F5D007509F4 /* Hands Free PlayerTests */ = {
			isa = PBXGroup;
			children = (
				12F0D84A19410F5D007509F4 /* Hands_Free_PlayerTests.m */,
				12F0D84519410F5D007509F4 /* Supporting Files */,
			);
			path = "Hands Free PlayerTests";
			sourceTree = "<group>";
		};
		12F0D84519410F5D007509F4 /* Supporting Files */ = {
			isa = PBXGroup;
			children = (
				12F0D84619410F5D007509F4 /* Hands Free PlayerTests-Info.plist */,
				12F0D84719410F5D007509F4 /* InfoPlist.strings */,
			);
			name = "Supporting Files";
			sourceTree = "<group>";
		};
/* End PBXGroup section */

/* Begin PBXNativeTarget section */
		12F0D81819410F5D007509F4 /* Hands Free Player */ = {
			isa = PBXNativeTarget;
			buildConfigurationList = 12F0D84E19410F5D007509F4 /* Build configuration list for PBXNativeTarget "Hands Free Player" */;
			buildPhases = (
				12F0D81519410F5D007509F4 /* Sources */,
				12F0D81619410F5D007509F4 /* Frameworks */,
				12F0D81719410F5D007509F4 /* Resources */,
			);
			buildRules = (
			);
			dependencies = (
			);
			name = "Hands Free Player";
			productName = "Hands Free Player";
			productReference = 12F0D81919410F5D007509F4 /* Hands Free Player.app */;
			productType = "com.apple.product-type.application";
		};
		12F0D83C19410F5D007509F4 /* Hands Free PlayerTests */ = {
			isa = PBXNativeTarget;
			buildConfigurationList = 12F0D85119410F5D007509F4 /* Build configuration list for PBXNativeTarget "Hands Free PlayerTests" */;
			buildPhases = (
				12F0D83919410F5D007509F4 /* Sources */,
				12F0D83A19410F5D007509F4 /* Frameworks */,
				12F0D83B19410F5D007509F4 /* Resources */,
			);
			buildRules = (
			);
			dependencies = (
				12F0D84319410F5D007509F4 /* PBXTargetDependency */,
			);
			name = "Hands Free PlayerTests";
			productName = "Hands Free PlayerTests";
			productReference = 12F0D83D19410F5D007509F4 /* Hands Free PlayerTests.xctest */;
			productType = "com.apple.product-type.bundle.unit-test";
		};
/* End PBXNativeTarget section */

/* Begin PBXProject section */
		12F0D81119410F5D007509F4 /* Project object */ = {
			isa = PBXProject;
			attributes = {
				CLASSPREFIX = HFP;
				LastUpgradeCheck = 0510;
				ORGANIZATIONNAME = "Marcio Klepacz";
				TargetAttributes = {
					12F0D83C19410F5D007509F4 = {
						TestTargetID = 12F0D81819410F5D007509F4;
					};
				};
			};
			buildConfigurationList = 12F0D81419410F5D007509F4 /* Build configuration list for PBXProject "Hands Free Player" */;
			compatibilityVersion = "Xcode 3.2";
			developmentRegion = English;
			hasScannedForEncodings = 0;
			knownRegions = (
				en,
				Base,
			);
			mainGroup = 12F0D81019410F5D007509F4;
			productRefGroup = 12F0D81A19410F5D007509F4 /* Products */;
			projectDirPath = "";
			projectRoot = "";
			targets = (
				12F0D81819410F5D007509F4 /* Hands Free Player */,
				12F0D83C19410F5D007509F4 /* Hands Free PlayerTests */,
			);
		};
/* End PBXProject section */

/* Begin PBXResourcesBuildPhase section */
		12F0D81719410F5D007509F4 /* Resources */ = {
			isa = PBXResourcesBuildPhase;
			buildActionMask = 2147483647;
			files = (
				12F0D83319410F5D007509F4 /* Main_iPad.storyboard in Resources */,
				12F0D83819410F5D007509F4 /* Images.xcassets in Resources */,
				12F0D83019410F5D007509F4 /* Main_iPhone.storyboard in Resources */,
				12F0D82719410F5D007509F4 /* InfoPlist.strings in Resources */,
			);
			runOnlyForDeploymentPostprocessing = 0;
		};
		12F0D83B19410F5D007509F4 /* Resources */ = {
			isa = PBXResourcesBuildPhase;
			buildActionMask = 2147483647;
			files = (
				12F0D84919410F5D007509F4 /* InfoPlist.strings in Resources */,
			);
			runOnlyForDeploymentPostprocessing = 0;
		};
/* End PBXResourcesBuildPhase section */

/* Begin PBXSourcesBuildPhase section */
		12F0D81519410F5D007509F4 /* Sources */ = {
			isa = PBXSourcesBuildPhase;
			buildActionMask = 2147483647;
			files = (
				12F0D83619410F5D007509F4 /* HFPViewController.m in Sources */,
				12F0D82919410F5D007509F4 /* main.m in Sources */,
				12F0D82D19410F5D007509F4 /* HFPAppDelegate.m in Sources */,
			);
			runOnlyForDeploymentPostprocessing = 0;
		};
		12F0D83919410F5D007509F4 /* Sources */ = {
			isa = PBXSourcesBuildPhase;
			buildActionMask = 2147483647;
			files = (
				12F0D84B19410F5D007509F4 /* Hands_Free_PlayerTests.m in Sources */,
			);
			runOnlyForDeploymentPostprocessing = 0;
		};
/* End PBXSourcesBuildPhase section */

/* Begin PBXTargetDependency section */
		12F0D84319410F5D007509F4 /* PBXTargetDependency */ = {
			isa = PBXTargetDependency;
			target = 12F0D81819410F5D007509F4 /* Hands Free Player */;
			targetProxy = 12F0D84219410F5D007509F4 /* PBXContainerItemProxy */;
		};
/* End PBXTargetDependency section */

/* Begin PBXVariantGroup section */
		12F0D82519410F5D007509F4 /* InfoPlist.strings */ = {
			isa = PBXVariantGroup;
			children = (
				12F0D82619410F5D007509F4 /* en */,
			);
			name = InfoPlist.strings;
			sourceTree = "<group>";
		};
		12F0D82E19410F5D007509F4 /* Main_iPhone.storyboard */ = {
			isa = PBXVariantGroup;
			children = (
				12F0D82F19410F5D007509F4 /* Base */,
			);
			name = Main_iPhone.storyboard;
			sourceTree = "<group>";
		};
		12F0D83119410F5D007509F4 /* Main_iPad.storyboard */ = {
			isa = PBXVariantGroup;
			children = (
				12F0D83219410F5D007509F4 /* Base */,
			);
			name = Main_iPad.storyboard;
			sourceTree = "<group>";
		};
		12F0D84719410F5D007509F4 /* InfoPlist.strings */ = {
			isa = PBXVariantGroup;
			children = (
				12F0D84819410F5D007509F4 /* en */,
			);
			name = InfoPlist.strings;
			sourceTree = "<group>";
		};
/* End PBXVariantGroup section */

/* Begin XCBuildConfiguration section */
		12F0D84C19410F5D007509F4 /* Debug */ = {
			isa = XCBuildConfiguration;
			buildSettings = {
				ALWAYS_SEARCH_USER_PATHS = NO;
				CLANG_CXX_LANGUAGE_STANDARD = "gnu++0x";
				CLANG_CXX_LIBRARY = "libc++";
				CLANG_ENABLE_MODULES = YES;
				CLANG_ENABLE_OBJC_ARC = YES;
				CLANG_WARN_BOOL_CONVERSION = YES;
				CLANG_WARN_CONSTANT_CONVERSION = YES;
				CLANG_WARN_DIRECT_OBJC_ISA_USAGE = YES_ERROR;
				CLANG_WARN_EMPTY_BODY = YES;
				CLANG_WARN_ENUM_CONVERSION = YES;
				CLANG_WARN_INT_CONVERSION = YES;
				CLANG_WARN_OBJC_ROOT_CLASS = YES_ERROR;
				CLANG_WARN__DUPLICATE_METHOD_MATCH = YES;
				"CODE_SIGN_IDENTITY[sdk=iphoneos*]" = "iPhone Developer";
				COPY_PHASE_STRIP = NO;
				GCC_C_LANGUAGE_STANDARD = gnu99;
				GCC_DYNAMIC_NO_PIC = NO;
				GCC_OPTIMIZATION_LEVEL = 0;
				GCC_PREPROCESSOR_DEFINITIONS = (
					"DEBUG=1",
					"$(inherited)",
				);
				GCC_SYMBOLS_PRIVATE_EXTERN = NO;
				GCC_WARN_64_TO_32_BIT_CONVERSION = YES;
				GCC_WARN_ABOUT_RETURN_TYPE = YES_ERROR;
				GCC_WARN_UNDECLARED_SELECTOR = YES;
				GCC_WARN_UNINITIALIZED_AUTOS = YES_AGGRESSIVE;
				GCC_WARN_UNUSED_FUNCTION = YES;
				GCC_WARN_UNUSED_VARIABLE = YES;
				IPHONEOS_DEPLOYMENT_TARGET = 7.1;
				ONLY_ACTIVE_ARCH = YES;
				SDKROOT = iphoneos;
				TARGETED_DEVICE_FAMILY = "1,2";
			};
			name = Debug;
		};
		12F0D84D19410F5D007509F4 /* Release */ = {
			isa = XCBuildConfiguration;
			buildSettings = {
				ALWAYS_SEARCH_USER_PATHS = NO;
				CLANG_CXX_LANGUAGE_STANDARD = "gnu++0x";
				CLANG_CXX_LIBRARY = "libc++";
				CLANG_ENABLE_MODULES = YES;
				CLANG_ENABLE_OBJC_ARC = YES;
				CLANG_WARN_BOOL_CONVERSION = YES;
				CLANG_WARN_CONSTANT_CONVERSION = YES;
				CLANG_WARN_DIRECT_OBJC_ISA_USAGE = YES_ERROR;
				CLANG_WARN_EMPTY_BODY = YES;
				CLANG_WARN_ENUM_CONVERSION = YES;
				CLANG_WARN_INT_CONVERSION = YES;
				CLANG_WARN_OBJC_ROOT_CLASS = YES_ERROR;
				CLANG_WARN__DUPLICATE_METHOD_MATCH = YES;
				"CODE_SIGN_IDENTITY[sdk=iphoneos*]" = "iPhone Developer";
				COPY_PHASE_STRIP = YES;
				ENABLE_NS_ASSERTIONS = NO;
				GCC_C_LANGUAGE_STANDARD = gnu99;
				GCC_WARN_64_TO_32_BIT_CONVERSION = YES;
				GCC_WARN_ABOUT_RETURN_TYPE = YES_ERROR;
				GCC_WARN_UNDECLARED_SELECTOR = YES;
				GCC_WARN_UNINITIALIZED_AUTOS = YES_AGGRESSIVE;
				GCC_WARN_UNUSED_FUNCTION = YES;
				GCC_WARN_UNUSED_VARIABLE = YES;
				IPHONEOS_DEPLOYMENT_TARGET = 7.1;
				SDKROOT = iphoneos;
				TARGETED_DEVICE_FAMILY = "1,2";
				VALIDATE_PRODUCT = YES;
			};
			name = Release;
		};
		12F0D84F19410F5D007509F4 /* Debug */ = {
			isa = XCBuildConfiguration;
			buildSettings = {
				ASSETCATALOG_COMPILER_APPICON_NAME = AppIcon;
				ASSETCATALOG_COMPILER_LAUNCHIMAGE_NAME = LaunchImage;
				GCC_PRECOMPILE_PREFIX_HEADER = YES;
				GCC_PREFIX_HEADER = "Hands Free Player/Hands Free Player-Prefix.pch";
				INFOPLIST_FILE = "Hands Free Player/Hands Free Player-Info.plist";
				PRODUCT_NAME = "$(TARGET_NAME)";
				WRAPPER_EXTENSION = app;
			};
			name = Debug;
		};
		12F0D85019410F5D007509F4 /* Release */ = {
			isa = XCBuildConfiguration;
			buildSettings = {
				ASSETCATALOG_COMPILER_APPICON_NAME = AppIcon;
				ASSETCATALOG_COMPILER_LAUNCHIMAGE_NAME = LaunchImage;
				GCC_PRECOMPILE_PREFIX_HEADER = YES;
				GCC_PREFIX_HEADER = "Hands Free Player/Hands Free Player-Prefix.pch";
				INFOPLIST_FILE = "Hands Free Player/Hands Free Player-Info.plist";
				PRODUCT_NAME = "$(TARGET_NAME)";
				WRAPPER_EXTENSION = app;
			};
			name = Release;
		};
		12F0D85219410F5D007509F4 /* Debug */ = {
			isa = XCBuildConfiguration;
			buildSettings = {
				BUNDLE_LOADER = "$(BUILT_PRODUCTS_DIR)/Hands Free Player.app/Hands Free Player";
				FRAMEWORK_SEARCH_PATHS = (
					"$(SDKROOT)/Developer/Library/Frameworks",
					"$(inherited)",
					"$(DEVELOPER_FRAMEWORKS_DIR)",
				);
				GCC_PRECOMPILE_PREFIX_HEADER = YES;
				GCC_PREFIX_HEADER = "Hands Free Player/Hands Free Player-Prefix.pch";
				GCC_PREPROCESSOR_DEFINITIONS = (
					"DEBUG=1",
					"$(inherited)",
				);
				INFOPLIST_FILE = "Hands Free PlayerTests/Hands Free PlayerTests-Info.plist";
				PRODUCT_NAME = "$(TARGET_NAME)";
				TEST_HOST = "$(BUNDLE_LOADER)";
				WRAPPER_EXTENSION = xctest;
			};
			name = Debug;
		};
		12F0D85319410F5D007509F4 /* Release */ = {
			isa = XCBuildConfiguration;
			buildSettings = {
				BUNDLE_LOADER = "$(BUILT_PRODUCTS_DIR)/Hands Free Player.app/Hands Free Player";
				FRAMEWORK_SEARCH_PATHS = (
					"$(SDKROOT)/Developer/Library/Frameworks",
					"$(inherited)",
					"$(DEVELOPER_FRAMEWORKS_DIR)",
				);
				GCC_PRECOMPILE_PREFIX_HEADER = YES;
				GCC_PREFIX_HEADER = "Hands Free Player/Hands Free Player-Prefix.pch";
				INFOPLIST_FILE = "Hands Free PlayerTests/Hands Free PlayerTests-Info.plist";
				PRODUCT_NAME = "$(TARGET_NAME)";
				TEST_HOST = "$(BUNDLE_LOADER)";
				WRAPPER_EXTENSION = xctest;
			};
			name = Release;
		};
/* End XCBuildConfiguration section */

/* Begin XCConfigurationList section */
		12F0D81419410F5D007509F4 /* Build configuration list for PBXProject "Hands Free Player" */ = {
			isa = XCConfigurationList;
			buildConfigurations = (
				12F0D84C19410F5D007509F4 /* Debug */,
				12F0D84D19410F5D007509F4 /* Release */,
			);
			defaultConfigurationIsVisible = 0;
			defaultConfigurationName = Release;
		};
		12F0D84E19410F5D007509F4 /* Build configuration list for PBXNativeTarget "Hands Free Player" */ = {
			isa = XCConfigurationList;
			buildConfigurations = (
				12F0D84F19410F5D007509F4 /* Debug */,
				12F0D85019410F5D007509F4 /* Release */,
			);
			defaultConfigurationIsVisible = 0;
		};
		12F0D85119410F5D007509F4 /* Build configuration list for PBXNativeTarget "Hands Free PlayerTests" */ = {
			isa = XCConfigurationList;
			buildConfigurations = (
				12F0D85219410F5D007509F4 /* Debug */,
				12F0D85319410F5D007509F4 /* Release */,
			);
			defaultConfigurationIsVisible = 0;
		};
/* End XCConfigurationList section */
	};
	rootObject = 12F0D81119410F5D007509F4 /* Project object */;
}
